
Microsoft Visual Studio Solution File, Format Version 12.00
# Visual Studio 2012
Project("{FAE04EC0-301F-11D3-BF4B-00C04F79EFBC}") = "InterClock.Connect.iOS", "iOS\InterClock.Connect.iOS.csproj", "{923FA8C1-0BDC-4EAD-8F5B-14AD52848CEC}"
EndProject
Project("{FAE04EC0-301F-11D3-BF4B-00C04F79EFBC}") = "InterClock.Connect.Data", "InterClock.Connect.Data\InterClock.Connect.Data.csproj", "{2B7DAF6A-1234-4B1B-BDA6-03375F2EFC96}"
EndProject
Global
	GlobalSection(SolutionConfigurationPlatforms) = preSolution
		Debug|iPhoneSimulator = Debug|iPhoneSimulator
		Release|iPhoneSimulator = Release|iPhoneSimulator
		Debug|iPhone = Debug|iPhone
		Release|iPhone = Release|iPhone
		Ad-Hoc|iPhone = Ad-Hoc|iPhone
		AppStore|iPhone = AppStore|iPhone
		Debug|Any CPU = Debug|Any CPU
		Release|Any CPU = Release|Any CPU
	EndGlobalSection
	GlobalSection(ProjectConfigurationPlatforms) = postSolution
		{2B7DAF6A-1234-4B1B-BDA6-03375F2EFC96}.Ad-Hoc|iPhone.ActiveCfg = Release|Any CPU
		{2B7DAF6A-1234-4B1B-BDA6-03375F2EFC96}.Ad-Hoc|iPhone.Build.0 = Release|Any CPU
		{2B7DAF6A-1234-4B1B-BDA6-03375F2EFC96}.AppStore|iPhone.ActiveCfg = Release|Any CPU
		{2B7DAF6A-1234-4B1B-BDA6-03375F2EFC96}.AppStore|iPhone.Build.0 = Release|Any CPU
		{2B7DAF6A-1234-4B1B-BDA6-03375F2EFC96}.Debug|Any CPU.ActiveCfg = Debug|Any CPU
		{2B7DAF6A-1234-4B1B-BDA6-03375F2EFC96}.Debug|Any CPU.Build.0 = Debug|Any CPU
		{2B7DAF6A-1234-4B1B-BDA6-03375F2EFC96}.Debug|iPhone.ActiveCfg = Debug|Any CPU
		{2B7DAF6A-1234-4B1B-BDA6-03375F2EFC96}.Debug|iPhone.Build.0 = Debug|Any CPU
		{2B7DAF6A-1234-4B1B-BDA6-03375F2EFC96}.Debug|iPhoneSimulator.ActiveCfg = Debug|Any CPU
		{2B7DAF6A-1234-4B1B-BDA6-03375F2EFC96}.Debug|iPhoneSimulator.Build.0 = Debug|Any CPU
		{2B7DAF6A-1234-4B1B-BDA6-03375F2EFC96}.Release|Any CPU.ActiveCfg = Release|Any CPU
		{2B7DAF6A-1234-4B1B-BDA6-03375F2EFC96}.Release|Any CPU.Build.0 = Release|Any CPU
		{2B7DAF6A-1234-4B1B-BDA6-03375F2EFC96}.Release|iPhone.ActiveCfg = Release|Any CPU
		{2B7DAF6A-1234-4B1B-BDA6-03375F2EFC96}.Release|iPhone.Build.0 = Release|Any CPU
		{2B7DAF6A-1234-4B1B-BDA6-03375F2EFC96}.Release|iPhoneSimulator.ActiveCfg = Release|Any CPU
		{2B7DAF6A-1234-4B1B-BDA6-03375F2EFC96}.Release|iPhoneSimulator.Build.0 = Release|Any CPU
		{923FA8C1-0BDC-4EAD-8F5B-14AD52848CEC}.Ad-Hoc|iPhone.ActiveCfg = Ad-Hoc|iPhone
		{923FA8C1-0BDC-4EAD-8F5B-14AD52848CEC}.Ad-Hoc|iPhone.Build.0 = Ad-Hoc|iPhone
		{923FA8C1-0BDC-4EAD-8F5B-14AD52848CEC}.AppStore|iPhone.ActiveCfg = AppStore|iPhone
		{923FA8C1-0BDC-4EAD-8F5B-14AD52848CEC}.AppStore|iPhone.Build.0 = AppStore|iPhone
		{923FA8C1-0BDC-4EAD-8F5B-14AD52848CEC}.Debug|Any CPU.ActiveCfg = Debug|iPhoneSimulator
		{923FA8C1-0BDC-4EAD-8F5B-14AD52848CEC}.Debug|Any CPU.Build.0 = Debug|iPhoneSimulator
		{923FA8C1-0BDC-4EAD-8F5B-14AD52848CEC}.Debug|iPhone.ActiveCfg = Debug|iPhone
		{923FA8C1-0BDC-4EAD-8F5B-14AD52848CEC}.Debug|iPhone.Build.0 = Debug|iPhone
		{923FA8C1-0BDC-4EAD-8F5B-14AD52848CEC}.Debug|iPhoneSimulator.ActiveCfg = Debug|iPhoneSimulator
		{923FA8C1-0BDC-4EAD-8F5B-14AD52848CEC}.Debug|iPhoneSimulator.Build.0 = Debug|iPhoneSimulator
		{923FA8C1-0BDC-4EAD-8F5B-14AD52848CEC}.Release|Any CPU.ActiveCfg = Release|iPhoneSimulator
		{923FA8C1-0BDC-4EAD-8F5B-14AD52848CEC}.Release|Any CPU.Build.0 = Release|iPhoneSimulator
		{923FA8C1-0BDC-4EAD-8F5B-14AD52848CEC}.Release|iPhone.ActiveCfg = Release|iPhone
		{923FA8C1-0BDC-4EAD-8F5B-14AD52848CEC}.Release|iPhone.Build.0 = Release|iPhone
		{923FA8C1-0BDC-4EAD-8F5B-14AD52848CEC}.Release|iPhoneSimulator.ActiveCfg = Release|iPhoneSimulator
		{923FA8C1-0BDC-4EAD-8F5B-14AD52848CEC}.Release|iPhoneSimulator.Build.0 = Release|iPhoneSimulator
	EndGlobalSection
	GlobalSection(MonoDevelopProperties) = preSolution
		StartupItem = iOS\InterClock.Connect.iOS.csproj
		Policies = $0
		$0.DotNetNamingPolicy = $1
		$1.DirectoryNamespaceAssociation = Hierarchical
		$1.ResourceNamePolicy = FileFormatDefault
	EndGlobalSection
EndGlobal
